PODS:
  - Alamofire (5.8.1)
  - AttributedString (3.3.5)
  - BetterCodable (0.4.0)
  - CSAPIService/Core (0.1.0):
    - Alamofire (= 5.8.1)
  - LTXiOSUtils (0.0.3):
    - LTXiOSUtils/Component (= 0.0.3)
    - LTXiOSUtils/Extension (= 0.0.3)
    - LTXiOSUtils/PropertyWrapper (= 0.0.3)
    - LTXiOSUtils/Util (= 0.0.3)
  - LTXiOSUtils/Component (0.0.3):
    - LTXiOSUtils/Component/Resources (= 0.0.3)
  - LTXiOSUtils/Component/Resources (0.0.3)
  - LTXiOSUtils/Extension (0.0.3):
    - LTXiOSUtils/Extension/Core (= 0.0.3)
    - LTXiOSUtils/Extension/Dispatch (= 0.0.3)
    - LTXiOSUtils/Extension/Foundation (= 0.0.3)
    - LTXiOSUtils/Extension/SwiftStdlib (= 0.0.3)
    - LTXiOSUtils/Extension/UIKit (= 0.0.3)
    - LTXiOSUtils/Extension/WebKit (= 0.0.3)
  - LTXiOSUtils/Extension/Core (0.0.3)
  - LTXiOSUtils/Extension/Dispatch (0.0.3):
    - LTXiOSUtils/Extension/Core
  - LTXiOSUtils/Extension/Foundation (0.0.3):
    - LTXiOSUtils/Extension/Core
  - LTXiOSUtils/Extension/SwiftStdlib (0.0.3):
    - LTXiOSUtils/Extension/Core
  - LTXiOSUtils/Extension/UIKit (0.0.3):
    - LTXiOSUtils/Extension/Core
  - LTXiOSUtils/Extension/WebKit (0.0.3):
    - LTXiOSUtils/Extension/Core
  - LTXiOSUtils/PropertyWrapper (0.0.3)
  - LTXiOSUtils/Util (0.0.3):
    - LTXiOSUtils/Util/Log (= 0.0.3)
  - LTXiOSUtils/Util/Log (0.0.3)
  - SwiftyJSON (4.0.0)
  - WCDB.swift (2.0.4):
    - WCDB.swift/no-arc (= 2.0.4)
    - WCDBOptimizedSQLCipher (~> 1.4.2)
  - WCDB.swift/no-arc (2.0.4):
    - WCDBOptimizedSQLCipher (~> 1.4.2)
  - WCDBOptimizedSQLCipher (1.4.2)

DEPENDENCIES:
  - AttributedString (= 3.3.5)
  - BetterCodable (= 0.4.0)
  - CSAPIService/Core (= 0.1.0)
  - "LTXiOSUtils (from `git@github.com:Coder-Star/LTXiOSUtils.git`, branch `master`)"
  - SwiftyJSON (= 4.0.0)
  - WCDB.swift

SPEC REPOS:
  https://github.com/CocoaPods/Specs.git:
    - Alamofire
    - AttributedString
    - BetterCodable
    - CSAPIService
    - SwiftyJSON
    - WCDB.swift
    - WCDBOptimizedSQLCipher

EXTERNAL SOURCES:
  LTXiOSUtils:
    :branch: master
    :git: "git@github.com:Coder-Star/LTXiOSUtils.git"

CHECKOUT OPTIONS:
  LTXiOSUtils:
    :commit: b99ed3346ca3ea5b64f51aa5e75f20ae8796b757
    :git: "git@github.com:Coder-Star/LTXiOSUtils.git"

SPEC CHECKSUMS:
  Alamofire: 3ca42e259043ee0dc5c0cdd76c4bc568b8e42af7
  AttributedString: 6d2d9d65310119556c3b5c6e4ea8d1ca339b703c
  BetterCodable: 3f2a765c9f4089b19debd2a7b904a69fca0a5fda
  CSAPIService: 210402f9f70b990865fade5c17542b18261a3067
  LTXiOSUtils: b2f2a0ab25a055b8327016c7f3f60e65e2e1c218
  SwiftyJSON: 070dabdcb1beb81b247c65ffa3a79dbbfb3b48aa
  WCDB.swift: 28dd96180d913abadb3ea9cf99bd6e942262379a
  WCDBOptimizedSQLCipher: ef2be79fed278289a309ad0d4d707c55bf166d6d

PODFILE CHECKSUM: d42112587d964b8d52d8dbf2d718079000fc5f9a

COCOAPODS: 1.16.2
