PODS:
  - Alamofire (5.8.1)
  - AttributedString (3.3.5)
  - BetterCodable (0.4.0)
  - CSAPIService/Core (0.1.0):
    - Alamofire (= 5.8.1)
  - IQKeyboardCore (1.0.7)
  - IQKeyboardToolbar (1.1.1):
    - IQKeyboardCore
    - IQKeyboardToolbar/Core (= 1.1.1)
  - IQKeyboardToolbar/Core (1.1.1):
    - IQKeyboardCore
    - IQKeyboardToolbar/Placeholderable
  - IQKeyboardToolbar/Placeholderable (1.1.1):
    - IQKeyboardCore
  - KeychainAccess (4.2.2)
  - LookinServer (1.0.4)
  - LTXiOSUtils (0.0.3):
    - LTXiOSUtils/Component (= 0.0.3)
    - LTXiOSUtils/Extension (= 0.0.3)
    - LTXiOSUtils/PropertyWrapper (= 0.0.3)
    - LTXiOSUtils/Util (= 0.0.3)
  - LTXiOSUtils/Component (0.0.3):
    - LTXiOSUtils/Component/Resources (= 0.0.3)
  - LTXiOSUtils/Component/Resources (0.0.3)
  - LTXiOSUtils/Extension (0.0.3):
    - LTXiOSUtils/Extension/Core (= 0.0.3)
    - LTXiOSUtils/Extension/Dispatch (= 0.0.3)
    - LTXiOSUtils/Extension/Foundation (= 0.0.3)
    - LTXiOSUtils/Extension/SwiftStdlib (= 0.0.3)
    - LTXiOSUtils/Extension/UIKit (= 0.0.3)
    - LTXiOSUtils/Extension/WebKit (= 0.0.3)
  - LTXiOSUtils/Extension/Core (0.0.3)
  - LTXiOSUtils/Extension/Dispatch (0.0.3):
    - LTXiOSUtils/Extension/Core
  - LTXiOSUtils/Extension/Foundation (0.0.3):
    - LTXiOSUtils/Extension/Core
  - LTXiOSUtils/Extension/SwiftStdlib (0.0.3):
    - LTXiOSUtils/Extension/Core
  - LTXiOSUtils/Extension/UIKit (0.0.3):
    - LTXiOSUtils/Extension/Core
  - LTXiOSUtils/Extension/WebKit (0.0.3):
    - LTXiOSUtils/Extension/Core
  - LTXiOSUtils/PropertyWrapper (0.0.3)
  - LTXiOSUtils/Util (0.0.3):
    - LTXiOSUtils/Util/Log (= 0.0.3)
  - LTXiOSUtils/Util/Log (0.0.3)
  - SwiftyJSON (4.0.0)
  - Swime (3.0.6)
  - TPKeyboardAvoiding (1.3.5)
  - WCDB.swift (2.0.4):
    - WCDB.swift/no-arc (= 2.0.4)
    - WCDBOptimizedSQLCipher (~> 1.4.2)
  - WCDB.swift/no-arc (2.0.4):
    - WCDBOptimizedSQLCipher (~> 1.4.2)
  - WCDBOptimizedSQLCipher (1.4.2)

DEPENDENCIES:
  - AttributedString (= 3.3.5)
  - BetterCodable (= 0.4.0)
  - CSAPIService/Core (= 0.1.0)
  - IQKeyboardToolbar (= 1.1.1)
  - KeychainAccess (= 4.2.2)
  - LookinServer (= 1.0.4)
  - "LTXiOSUtils (from `git@github.com:Coder-Star/LTXiOSUtils.git`, branch `master`)"
  - SwiftyJSON (= 4.0.0)
  - Swime (= 3.0.6)
  - TPKeyboardAvoiding (= 1.3.5)
  - WCDB.swift

SPEC REPOS:
  https://github.com/CocoaPods/Specs.git:
    - Alamofire
    - AttributedString
    - BetterCodable
    - CSAPIService
    - KeychainAccess
    - SwiftyJSON
    - Swime
    - WCDB.swift
    - WCDBOptimizedSQLCipher
  trunk:
    - IQKeyboardCore
    - IQKeyboardToolbar
    - LookinServer
    - TPKeyboardAvoiding

EXTERNAL SOURCES:
  LTXiOSUtils:
    :branch: master
    :git: "git@github.com:Coder-Star/LTXiOSUtils.git"

CHECKOUT OPTIONS:
  LTXiOSUtils:
    :commit: b99ed3346ca3ea5b64f51aa5e75f20ae8796b757
    :git: "git@github.com:Coder-Star/LTXiOSUtils.git"

SPEC CHECKSUMS:
  Alamofire: 3ca42e259043ee0dc5c0cdd76c4bc568b8e42af7
  AttributedString: 6d2d9d65310119556c3b5c6e4ea8d1ca339b703c
  BetterCodable: 3f2a765c9f4089b19debd2a7b904a69fca0a5fda
  CSAPIService: 210402f9f70b990865fade5c17542b18261a3067
  IQKeyboardCore: cb7f0a9a17dd32599569f2f478c1418dc28bcebb
  IQKeyboardToolbar: d4bdccfb78324aec2f3920659c77bb89acd33312
  KeychainAccess: c0c4f7f38f6fc7bbe58f5702e25f7bd2f65abf51
  LookinServer: 743c1681771d0a8dcc38825325a080c3186404a5
  LTXiOSUtils: b2f2a0ab25a055b8327016c7f3f60e65e2e1c218
  SwiftyJSON: 070dabdcb1beb81b247c65ffa3a79dbbfb3b48aa
  Swime: d7b2c277503b6cea317774aedc2dce05613f8b0b
  TPKeyboardAvoiding: d55b3ea7b362540af8fcf36aa3ed2e87bf210cc6
  WCDB.swift: 28dd96180d913abadb3ea9cf99bd6e942262379a
  WCDBOptimizedSQLCipher: ef2be79fed278289a309ad0d4d707c55bf166d6d

PODFILE CHECKSUM: e3ed747716d4107541965d0eadc18fde08305a99

COCOAPODS: 1.16.2
